
Microsoft Visual Studio Solution File, Format Version 12.00
# Visual Studio 15
Project("{FAE04EC0-301F-11D3-BF4B-00C04F79EFBC}") = "Assembly-CSharp", "Assembly-CSharp.csproj", "{EBE55076-C116-C61C-B326-1357630F7082}"
EndProject
Project("{FAE04EC0-301F-11D3-BF4B-00C04F79EFBC}") = "Assembly-CSharp-Editor", "Assembly-CSharp-Editor.csproj", "{8E47B03B-4D68-996B-D748-98B5BCFB4119}"
EndProject
Global
	GlobalSection(SolutionConfigurationPlatforms) = preSolution
		Debug|Any CPU = Debug|Any CPU
		Release|Any CPU = Release|Any CPU
	EndGlobalSection
	GlobalSection(ProjectConfigurationPlatforms) = postSolution
		{EBE55076-C116-C61C-B326-1357630F7082}.Debug|Any CPU.ActiveCfg = Debug|Any CPU
		{EBE55076-C116-C61C-B326-1357630F7082}.Debug|Any CPU.Build.0 = Debug|Any CPU
		{EBE55076-C116-C61C-B326-1357630F7082}.Release|Any CPU.ActiveCfg = Release|Any CPU
		{EBE55076-C116-C61C-B326-1357630F7082}.Release|Any CPU.Build.0 = Release|Any CPU
		{8E47B03B-4D68-996B-D748-98B5BCFB4119}.Debug|Any CPU.ActiveCfg = Debug|Any CPU
		{8E47B03B-4D68-996B-D748-98B5BCFB4119}.Debug|Any CPU.Build.0 = Debug|Any CPU
		{8E47B03B-4D68-996B-D748-98B5BCFB4119}.Release|Any CPU.ActiveCfg = Release|Any CPU
		{8E47B03B-4D68-996B-D748-98B5BCFB4119}.Release|Any CPU.Build.0 = Release|Any CPU
	EndGlobalSection
	GlobalSection(SolutionProperties) = preSolution
		HideSolutionNode = FALSE
	EndGlobalSection
EndGlobal
